
Microsoft Visual Studio Solution File, Format Version 12.00
# Visual Studio Version 16
VisualStudioVersion = 16.0.31019.35
MinimumVisualStudioVersion = 10.0.40219.1
Project("{FAE04EC0-301F-11D3-BF4B-00C04F79EFBC}") = "EmpWageForMultipleCompany", "EmpWageForMultipleCompany\EmpWageForMultipleCompany.csproj", "{847EDEF1-4918-41C0-9487-B615D3E0BC57}"
EndProject
Global
	GlobalSection(SolutionConfigurationPlatforms) = preSolution
		Debug|Any CPU = Debug|Any CPU
		Release|Any CPU = Release|Any CPU
	EndGlobalSection
	GlobalSection(ProjectConfigurationPlatforms) = postSolution
		{847EDEF1-4918-41C0-9487-B615D3E0BC57}.Debug|Any CPU.ActiveCfg = Debug|Any CPU
		{847EDEF1-4918-41C0-9487-B615D3E0BC57}.Debug|Any CPU.Build.0 = Debug|Any CPU
		{847EDEF1-4918-41C0-9487-B615D3E0BC57}.Release|Any CPU.ActiveCfg = Release|Any CPU
		{847EDEF1-4918-41C0-9487-B615D3E0BC57}.Release|Any CPU.Build.0 = Release|Any CPU
	EndGlobalSection
	GlobalSection(SolutionProperties) = preSolution
		HideSolutionNode = FALSE
	EndGlobalSection
	GlobalSection(ExtensibilityGlobals) = postSolution
		SolutionGuid = {715D235E-90AF-4991-84BA-F7602F1BB387}
	EndGlobalSection
EndGlobal
