
Microsoft Visual Studio Solution File, Format Version 12.00
# Visual Studio Version 16
VisualStudioVersion = 16.0.31019.35
MinimumVisualStudioVersion = 10.0.40219.1
Project("{FAE04EC0-301F-11D3-BF4B-00C04F79EFBC}") = "EmpWagePractice", "EmpWagePractice\EmpWagePractice.csproj", "{690954B8-9557-4340-84F8-62A2A58B572D}"
EndProject
Global
	GlobalSection(SolutionConfigurationPlatforms) = preSolution
		Debug|Any CPU = Debug|Any CPU
		Release|Any CPU = Release|Any CPU
	EndGlobalSection
	GlobalSection(ProjectConfigurationPlatforms) = postSolution
		{690954B8-9557-4340-84F8-62A2A58B572D}.Debug|Any CPU.ActiveCfg = Debug|Any CPU
		{690954B8-9557-4340-84F8-62A2A58B572D}.Debug|Any CPU.Build.0 = Debug|Any CPU
		{690954B8-9557-4340-84F8-62A2A58B572D}.Release|Any CPU.ActiveCfg = Release|Any CPU
		{690954B8-9557-4340-84F8-62A2A58B572D}.Release|Any CPU.Build.0 = Release|Any CPU
	EndGlobalSection
	GlobalSection(SolutionProperties) = preSolution
		HideSolutionNode = FALSE
	EndGlobalSection
	GlobalSection(ExtensibilityGlobals) = postSolution
		SolutionGuid = {FBA635B3-861C-4920-B866-B3E5C43679D9}
	EndGlobalSection
EndGlobal
